
Microsoft Visual Studio Solution File, Format Version 12.00
# Visual Studio Version 17
VisualStudioVersion = 17.14.36221.1 d17.14
MinimumVisualStudioVersion = 10.0.40219.1
Project("{FAE04EC0-301F-11D3-BF4B-00C04F79EFBC}") = "Task_2", "Task_2\Task_2.csproj", "{0872DCFE-95D8-4C56-B20B-9268C5ED8527}"
EndProject
Global
	GlobalSection(SolutionConfigurationPlatforms) = preSolution
		Debug|Any CPU = Debug|Any CPU
		Release|Any CPU = Release|Any CPU
	EndGlobalSection
	GlobalSection(ProjectConfigurationPlatforms) = postSolution
		{0872DCFE-95D8-4C56-B20B-9268C5ED8527}.Debug|Any CPU.ActiveCfg = Debug|Any CPU
		{0872DCFE-95D8-4C56-B20B-9268C5ED8527}.Debug|Any CPU.Build.0 = Debug|Any CPU
		{0872DCFE-95D8-4C56-B20B-9268C5ED8527}.Release|Any CPU.ActiveCfg = Release|Any CPU
		{0872DCFE-95D8-4C56-B20B-9268C5ED8527}.Release|Any CPU.Build.0 = Release|Any CPU
	EndGlobalSection
	GlobalSection(SolutionProperties) = preSolution
		HideSolutionNode = FALSE
	EndGlobalSection
	GlobalSection(ExtensibilityGlobals) = postSolution
		SolutionGuid = {D5B36CA5-75BB-477F-AFD0-714E0336CA02}
	EndGlobalSection
EndGlobal
